
Microsoft Visual Studio Solution File, Format Version 12.00
# Visual Studio 15
VisualStudioVersion = 15.0.28307.2017
MinimumVisualStudioVersion = 10.0.40219.1
Project("{FAE04EC0-301F-11D3-BF4B-00C04F79EFBC}") = "CnPersonaMayorMenorEdad", "CnPersonaMayorMenorEdad\CnPersonaMayorMenorEdad.csproj", "{6771F11E-2892-4329-B593-A0E742A0D3FE}"
EndProject
Global
	GlobalSection(SolutionConfigurationPlatforms) = preSolution
		Debug|Any CPU = Debug|Any CPU
		Release|Any CPU = Release|Any CPU
	EndGlobalSection
	GlobalSection(ProjectConfigurationPlatforms) = postSolution
		{6771F11E-2892-4329-B593-A0E742A0D3FE}.Debug|Any CPU.ActiveCfg = Debug|Any CPU
		{6771F11E-2892-4329-B593-A0E742A0D3FE}.Debug|Any CPU.Build.0 = Debug|Any CPU
		{6771F11E-2892-4329-B593-A0E742A0D3FE}.Release|Any CPU.ActiveCfg = Release|Any CPU
		{6771F11E-2892-4329-B593-A0E742A0D3FE}.Release|Any CPU.Build.0 = Release|Any CPU
	EndGlobalSection
	GlobalSection(SolutionProperties) = preSolution
		HideSolutionNode = FALSE
	EndGlobalSection
	GlobalSection(ExtensibilityGlobals) = postSolution
		SolutionGuid = {2B8BB74F-D07E-45DD-83A9-9272C0A38F1F}
	EndGlobalSection
EndGlobal
