
Microsoft Visual Studio Solution File, Format Version 12.00
# Visual Studio 15
VisualStudioVersion = 15.0.28307.2017
MinimumVisualStudioVersion = 10.0.40219.1
Project("{FAE04EC0-301F-11D3-BF4B-00C04F79EFBC}") = "ValoresMayor", "ValoresMayor\ValoresMayor.csproj", "{F918503D-A9BB-4447-8C40-2002F5FA3EBB}"
EndProject
Global
	GlobalSection(SolutionConfigurationPlatforms) = preSolution
		Debug|Any CPU = Debug|Any CPU
		Release|Any CPU = Release|Any CPU
	EndGlobalSection
	GlobalSection(ProjectConfigurationPlatforms) = postSolution
		{F918503D-A9BB-4447-8C40-2002F5FA3EBB}.Debug|Any CPU.ActiveCfg = Debug|Any CPU
		{F918503D-A9BB-4447-8C40-2002F5FA3EBB}.Debug|Any CPU.Build.0 = Debug|Any CPU
		{F918503D-A9BB-4447-8C40-2002F5FA3EBB}.Release|Any CPU.ActiveCfg = Release|Any CPU
		{F918503D-A9BB-4447-8C40-2002F5FA3EBB}.Release|Any CPU.Build.0 = Release|Any CPU
	EndGlobalSection
	GlobalSection(SolutionProperties) = preSolution
		HideSolutionNode = FALSE
	EndGlobalSection
	GlobalSection(ExtensibilityGlobals) = postSolution
		SolutionGuid = {A3900BA6-0E2D-40F9-9324-AF1AD8DD9E2B}
	EndGlobalSection
EndGlobal
